Microsoft Visual Studio Solution File, Format Version 12.00
# Visual Studio 15
VisualStudioVersion = 15.0.27703.2035
MinimumVisualStudioVersion = 10.0.40219.1
Project("{FAE04EC0-301F-11D3-BF4B-00C04F79EFBC}") = "ArndtBalke", "ArndtBalke.csproj", "{B2CE65D6-4B07-44CB-9D1B-99991A1CE9CD}"
EndProject
Global
	GlobalSection(SolutionConfigurationPlatforms) = preSolution
		Debug|Any CPU = Debug|Any CPU
		Release|Any CPU = Release|Any CPU
	EndGlobalSection
	GlobalSection(ProjectConfigurationPlatforms) = postSolution
		{B2CE65D6-4B07-44CB-9D1B-99991A1CE9CD}.Debug|Any CPU.ActiveCfg = Debug|Any CPU
		{B2CE65D6-4B07-44CB-9D1B-99991A1CE9CD}.Debug|Any CPU.Build.0 = Debug|Any CPU
		{B2CE65D6-4B07-44CB-9D1B-99991A1CE9CD}.Release|Any CPU.ActiveCfg = Release|Any CPU
		{B2CE65D6-4B07-44CB-9D1B-99991A1CE9CD}.Release|Any CPU.Build.0 = Release|Any CPU
	EndGlobalSection
	GlobalSection(SolutionProperties) = preSolution
		HideSolutionNode = FALSE
	EndGlobalSection
	GlobalSection(ExtensibilityGlobals) = postSolution
		SolutionGuid = {82ACB0BC-C3F1-4027-BDCB-703500F68186}
	EndGlobalSection
EndGlobal
